{
  "name": "openclaw-telegram-learning-assistant",
  "version": "1.0.0",
  "description": "Personalized AI Learning Assistant using OpenClaw, Telegram, Ollama, and Docker",
  "main": "index.js",
  "scripts": {
    "start": "node index.js"
  },
  "keywords": [
    "openclaw",
    "telegram-bot",
    "ollama",
    "ai-assistant"
  ],
  "author": "Sathvika",
  "license": "MIT"
}